
Microsoft Visual Studio Solution File, Format Version 12.00
# Visual Studio Version 17
VisualStudioVersion = 17.4.33213.308
MinimumVisualStudioVersion = 10.0.40219.1
Project("{FAE04EC0-301F-11D3-BF4B-00C04F79EFBC}") = "test", "test\test.csproj", "{8BEB9C07-1E6B-4C63-B21A-23053C52F010}"
EndProject
Global
	GlobalSection(SolutionConfigurationPlatforms) = preSolution
		Debug|Any CPU = Debug|Any CPU
		Release|Any CPU = Release|Any CPU
	EndGlobalSection
	GlobalSection(ProjectConfigurationPlatforms) = postSolution
		{8BEB9C07-1E6B-4C63-B21A-23053C52F010}.Debug|Any CPU.ActiveCfg = Debug|Any CPU
		{8BEB9C07-1E6B-4C63-B21A-23053C52F010}.Debug|Any CPU.Build.0 = Debug|Any CPU
		{8BEB9C07-1E6B-4C63-B21A-23053C52F010}.Release|Any CPU.ActiveCfg = Release|Any CPU
		{8BEB9C07-1E6B-4C63-B21A-23053C52F010}.Release|Any CPU.Build.0 = Release|Any CPU
	EndGlobalSection
	GlobalSection(SolutionProperties) = preSolution
		HideSolutionNode = FALSE
	EndGlobalSection
	GlobalSection(ExtensibilityGlobals) = postSolution
		SolutionGuid = {86D50ABC-4705-46A6-A525-6D00E4858388}
	EndGlobalSection
EndGlobal
